
Microsoft Visual Studio Solution File, Format Version 12.00
# Visual Studio Version 17
VisualStudioVersion = 17.4.33110.190
MinimumVisualStudioVersion = 10.0.40219.1
Project("{FAE04EC0-301F-11D3-BF4B-00C04F79EFBC}") = "AdventOfCode2022.Day1", "AdventOfCode2022.Day1\AdventOfCode2022.Day1.csproj", "{E5078432-98AF-47EF-97FF-3F2DE31B7AF2}"
EndProject
Project("{FAE04EC0-301F-11D3-BF4B-00C04F79EFBC}") = "AdventOfCode2022.Day1Tests", "AdventOfCode2022.Day1Tests\AdventOfCode2022.Day1Tests.csproj", "{B363CE5F-7C9C-4A31-BCAD-3E0C063EBC21}"
EndProject
Global
	GlobalSection(SolutionConfigurationPlatforms) = preSolution
		Debug|Any CPU = Debug|Any CPU
		Release|Any CPU = Release|Any CPU
	EndGlobalSection
	GlobalSection(ProjectConfigurationPlatforms) = postSolution
		{E5078432-98AF-47EF-97FF-3F2DE31B7AF2}.Debug|Any CPU.ActiveCfg = Debug|Any CPU
		{E5078432-98AF-47EF-97FF-3F2DE31B7AF2}.Debug|Any CPU.Build.0 = Debug|Any CPU
		{E5078432-98AF-47EF-97FF-3F2DE31B7AF2}.Release|Any CPU.ActiveCfg = Release|Any CPU
		{E5078432-98AF-47EF-97FF-3F2DE31B7AF2}.Release|Any CPU.Build.0 = Release|Any CPU
		{B363CE5F-7C9C-4A31-BCAD-3E0C063EBC21}.Debug|Any CPU.ActiveCfg = Debug|Any CPU
		{B363CE5F-7C9C-4A31-BCAD-3E0C063EBC21}.Debug|Any CPU.Build.0 = Debug|Any CPU
		{B363CE5F-7C9C-4A31-BCAD-3E0C063EBC21}.Release|Any CPU.ActiveCfg = Release|Any CPU
		{B363CE5F-7C9C-4A31-BCAD-3E0C063EBC21}.Release|Any CPU.Build.0 = Release|Any CPU
	EndGlobalSection
	GlobalSection(SolutionProperties) = preSolution
		HideSolutionNode = FALSE
	EndGlobalSection
	GlobalSection(ExtensibilityGlobals) = postSolution
		SolutionGuid = {A0B7E1A0-5AE8-42BA-92A2-4F675B5833A2}
	EndGlobalSection
EndGlobal
